
Microsoft Visual Studio Solution File, Format Version 12.00
# Visual Studio Version 16
VisualStudioVersion = 16.0.31019.35
MinimumVisualStudioVersion = 10.0.40219.1
Project("{FAE04EC0-301F-11D3-BF4B-00C04F79EFBC}") = "Tracker", "Tracker\Tracker.csproj", "{0A6B6339-38D4-4B88-8F51-BC400E353717}"
EndProject
Global
	GlobalSection(SolutionConfigurationPlatforms) = preSolution
		Debug|Any CPU = Debug|Any CPU
		Release|Any CPU = Release|Any CPU
	EndGlobalSection
	GlobalSection(ProjectConfigurationPlatforms) = postSolution
		{0A6B6339-38D4-4B88-8F51-BC400E353717}.Debug|Any CPU.ActiveCfg = Debug|Any CPU
		{0A6B6339-38D4-4B88-8F51-BC400E353717}.Debug|Any CPU.Build.0 = Debug|Any CPU
		{0A6B6339-38D4-4B88-8F51-BC400E353717}.Release|Any CPU.ActiveCfg = Release|Any CPU
		{0A6B6339-38D4-4B88-8F51-BC400E353717}.Release|Any CPU.Build.0 = Release|Any CPU
	EndGlobalSection
	GlobalSection(SolutionProperties) = preSolution
		HideSolutionNode = FALSE
	EndGlobalSection
	GlobalSection(ExtensibilityGlobals) = postSolution
		SolutionGuid = {190ECFB7-B297-448E-BAE7-FF8897FDDF4F}
	EndGlobalSection
EndGlobal
